
Microsoft Visual Studio Solution File, Format Version 12.00
# Visual Studio Version 16
VisualStudioVersion = 16.0.31112.23
MinimumVisualStudioVersion = 10.0.40219.1
Project("{FAE04EC0-301F-11D3-BF4B-00C04F79EFBC}") = "Covid_19", "Covid_19.csproj", "{B600F959-F54E-42A9-BA8B-3A1EE06B83BA}"
EndProject
Global
	GlobalSection(SolutionConfigurationPlatforms) = preSolution
		Debug|Any CPU = Debug|Any CPU
		Release|Any CPU = Release|Any CPU
	EndGlobalSection
	GlobalSection(ProjectConfigurationPlatforms) = postSolution
		{B600F959-F54E-42A9-BA8B-3A1EE06B83BA}.Debug|Any CPU.ActiveCfg = Debug|Any CPU
		{B600F959-F54E-42A9-BA8B-3A1EE06B83BA}.Debug|Any CPU.Build.0 = Debug|Any CPU
		{B600F959-F54E-42A9-BA8B-3A1EE06B83BA}.Release|Any CPU.ActiveCfg = Release|Any CPU
		{B600F959-F54E-42A9-BA8B-3A1EE06B83BA}.Release|Any CPU.Build.0 = Release|Any CPU
	EndGlobalSection
	GlobalSection(SolutionProperties) = preSolution
		HideSolutionNode = FALSE
	EndGlobalSection
	GlobalSection(ExtensibilityGlobals) = postSolution
		SolutionGuid = {C7BB5244-954D-43EB-B663-B0789AB11927}
	EndGlobalSection
EndGlobal
